
Microsoft Visual Studio Solution File, Format Version 12.00
# Visual Studio Version 16
VisualStudioVersion = 16.0.31402.337
MinimumVisualStudioVersion = 10.0.40219.1
Project("{FAE04EC0-301F-11D3-BF4B-00C04F79EFBC}") = "CCDInfo", "CCDInfo\CCDInfo.csproj", "{9A59BDB6-C939-4954-A462-4F8D42A6D856}"
EndProject
Global
	GlobalSection(SolutionConfigurationPlatforms) = preSolution
		Debug|Any CPU = Debug|Any CPU
		Release|Any CPU = Release|Any CPU
	EndGlobalSection
	GlobalSection(ProjectConfigurationPlatforms) = postSolution
		{9A59BDB6-C939-4954-A462-4F8D42A6D856}.Debug|Any CPU.ActiveCfg = Debug|Any CPU
		{9A59BDB6-C939-4954-A462-4F8D42A6D856}.Debug|Any CPU.Build.0 = Debug|Any CPU
		{9A59BDB6-C939-4954-A462-4F8D42A6D856}.Release|Any CPU.ActiveCfg = Release|Any CPU
		{9A59BDB6-C939-4954-A462-4F8D42A6D856}.Release|Any CPU.Build.0 = Release|Any CPU
	EndGlobalSection
	GlobalSection(SolutionProperties) = preSolution
		HideSolutionNode = FALSE
	EndGlobalSection
	GlobalSection(ExtensibilityGlobals) = postSolution
		SolutionGuid = {239EC559-C65E-4335-A69B-35BE809FAC8D}
	EndGlobalSection
EndGlobal
